
Microsoft Visual Studio Solution File, Format Version 12.00
# Visual Studio 15
VisualStudioVersion = 15.0.28010.2036
MinimumVisualStudioVersion = 10.0.40219.1
Project("{FAE04EC0-301F-11D3-BF4B-00C04F79EFBC}") = "ConsoleApp1", "ConsoleApp1\ConsoleApp1.csproj", "{291F8D7D-01E6-4A99-858A-E284D86B051E}"
EndProject
Global
	GlobalSection(SolutionConfigurationPlatforms) = preSolution
		Debug|Any CPU = Debug|Any CPU
		Release|Any CPU = Release|Any CPU
	EndGlobalSection
	GlobalSection(ProjectConfigurationPlatforms) = postSolution
		{291F8D7D-01E6-4A99-858A-E284D86B051E}.Debug|Any CPU.ActiveCfg = Debug|Any CPU
		{291F8D7D-01E6-4A99-858A-E284D86B051E}.Debug|Any CPU.Build.0 = Debug|Any CPU
		{291F8D7D-01E6-4A99-858A-E284D86B051E}.Release|Any CPU.ActiveCfg = Release|Any CPU
		{291F8D7D-01E6-4A99-858A-E284D86B051E}.Release|Any CPU.Build.0 = Release|Any CPU
	EndGlobalSection
	GlobalSection(SolutionProperties) = preSolution
		HideSolutionNode = FALSE
	EndGlobalSection
	GlobalSection(ExtensibilityGlobals) = postSolution
		SolutionGuid = {88AF582B-0497-48A9-9E30-6ECE94B26D66}
	EndGlobalSection
EndGlobal
